{
  "name": "mlhelper",
  "version": "0.1.2",
  "lockfileVersion": 1,
  "requires": true,
  "dependencies": {
    "@types/node": {
      "version": "8.0.46",
      "resolved": "https://registry.npmjs.org/@types/node/-/node-8.0.46.tgz",
      "integrity": "sha512-rRkP4kb5JYIfAoRKaDbcdPZBcTNOgzSApyzhPN9e6rhViSJAWQGlSXIX5gc75iR02jikhpzy3usu31wMHllfFw==",
      "dev": true
    },
    "mathjs": {
      "version": "http://registry.npm.taobao.org/mathjs/download/mathjs-3.16.4.tgz",
      "requires": {
        "complex.js": "http://registry.npm.taobao.org/complex.js/download/complex.js-2.0.4.tgz",
        "decimal.js": "http://registry.npm.taobao.org/decimal.js/download/decimal.js-7.2.3.tgz",
        "fraction.js": "http://registry.npm.taobao.org/fraction.js/download/fraction.js-4.0.2.tgz",
        "javascript-natural-sort": "http://registry.npm.taobao.org/javascript-natural-sort/download/javascript-natural-sort-0.7.1.tgz",
        "seed-random": "http://registry.npm.taobao.org/seed-random/download/seed-random-2.2.0.tgz",
        "tiny-emitter": "http://registry.npm.taobao.org/tiny-emitter/download/tiny-emitter-2.0.0.tgz",
        "typed-function": "http://registry.npm.taobao.org/typed-function/download/typed-function-0.10.5.tgz"
      },
      "dependencies": {
        "complex.js": {
          "version": "http://registry.npm.taobao.org/complex.js/download/complex.js-2.0.4.tgz",
          "bundled": true
        },
        "decimal.js": {
          "version": "http://registry.npm.taobao.org/decimal.js/download/decimal.js-7.2.3.tgz",
          "bundled": true
        },
        "fraction.js": {
          "version": "http://registry.npm.taobao.org/fraction.js/download/fraction.js-4.0.2.tgz",
          "bundled": true
        },
        "javascript-natural-sort": {
          "version": "http://registry.npm.taobao.org/javascript-natural-sort/download/javascript-natural-sort-0.7.1.tgz",
          "bundled": true
        },
        "seed-random": {
          "version": "http://registry.npm.taobao.org/seed-random/download/seed-random-2.2.0.tgz",
          "bundled": true
        },
        "tiny-emitter": {
          "version": "http://registry.npm.taobao.org/tiny-emitter/download/tiny-emitter-2.0.0.tgz",
          "bundled": true
        },
        "typed-function": {
          "version": "http://registry.npm.taobao.org/typed-function/download/typed-function-0.10.5.tgz",
          "bundled": true
        }
      }
    },
    "sylvester": {
      "version": "0.0.21",
      "resolved": "https://registry.npmjs.org/sylvester/-/sylvester-0.0.21.tgz",
      "integrity": "sha1-KYexzivS84sNzio0OIiEv6RADqc="
    }
  }
}
